
Microsoft Visual Studio Solution File, Format Version 12.00
# Visual Studio Version 17
VisualStudioVersion = 17.6.33829.357
MinimumVisualStudioVersion = 10.0.40219.1
Project("{FAE04EC0-301F-11D3-BF4B-00C04F79EFBC}") = "EntityDatabase-First", "EntityDatabase-First\EntityDatabase-First.csproj", "{8D47D02D-F2CA-4254-9BC0-25A66C2CBC88}"
EndProject
Global
	GlobalSection(SolutionConfigurationPlatforms) = preSolution
		Debug|Any CPU = Debug|Any CPU
		Release|Any CPU = Release|Any CPU
	EndGlobalSection
	GlobalSection(ProjectConfigurationPlatforms) = postSolution
		{8D47D02D-F2CA-4254-9BC0-25A66C2CBC88}.Debug|Any CPU.ActiveCfg = Debug|Any CPU
		{8D47D02D-F2CA-4254-9BC0-25A66C2CBC88}.Debug|Any CPU.Build.0 = Debug|Any CPU
		{8D47D02D-F2CA-4254-9BC0-25A66C2CBC88}.Release|Any CPU.ActiveCfg = Release|Any CPU
		{8D47D02D-F2CA-4254-9BC0-25A66C2CBC88}.Release|Any CPU.Build.0 = Release|Any CPU
	EndGlobalSection
	GlobalSection(SolutionProperties) = preSolution
		HideSolutionNode = FALSE
	EndGlobalSection
	GlobalSection(ExtensibilityGlobals) = postSolution
		SolutionGuid = {A21BF479-B029-4824-8F7F-96BC1C1BD0AD}
	EndGlobalSection
EndGlobal
